// !$*UTF8*$!
{
	archiveVersion = 1;
	classes = {
	};
	objectVersion = 46;
	objects = {

/* Begin PBXBuildFile section */
		580A09641E2F509500137D73 /* AppDelegate.swift in Sources */ = {isa = PBXBuildFile; fileRef = 580A09631E2F509500137D73 /* AppDelegate.swift */; };
		580A09661E2F509500137D73 /* ViewController.swift in Sources */ = {isa = PBXBuildFile; fileRef = 580A09651E2F509500137D73 /* ViewController.swift */; };
		580A09691E2F509500137D73 /* Main.storyboard in Resources */ = {isa = PBXBuildFile; fileRef = 580A09671E2F509500137D73 /* Main.storyboard */; };
		580A096B1E2F509500137D73 /* Assets.xcassets in Resources */ = {isa = PBXBuildFile; fileRef = 580A096A1E2F509500137D73 /* Assets.xcassets */; };
		580A096E1E2F509500137D73 /* LaunchScreen.storyboard in Resources */ = {isa = PBXBuildFile; fileRef = 580A096C1E2F509500137D73 /* LaunchScreen.storyboard */; };
		580A09771E2F50D100137D73 /* ButtonViewDesign.swift in Sources */ = {isa = PBXBuildFile; fileRef = 580A09761E2F50D100137D73 /* ButtonViewDesign.swift */; };
		580A09791E2F5B9900137D73 /* CounterView.swift in Sources */ = {isa = PBXBuildFile; fileRef = 580A09781E2F5B9900137D73 /* CounterView.swift */; };
		58B0FDAF1E2F7B5800DCC261 /* GraphView.swift in Sources */ = {isa = PBXBuildFile; fileRef = 58B0FDAE1E2F7B5800DCC261 /* GraphView.swift */; };
/* End PBXBuildFile section */

/* Begin PBXFileReference section */
		580A09601E2F509500137D73 /* CoreGraphicsDemo.app */ = {isa = PBXFileReference; explicitFileType = wrapper.application; includeInIndex = 0; path = CoreGraphicsDemo.app; sourceTree = BUILT_PRODUCTS_DIR; };
		580A09631E2F509500137D73 /* AppDelegate.swift */ = {isa = PBXFileReference; lastKnownFileType = sourcecode.swift; path = AppDelegate.swift; sourceTree = "<group>"; };
		580A09651E2F509500137D73 /* ViewController.swift */ = {isa = PBXFileReference; lastKnownFileType = sourcecode.swift; path = ViewController.swift; sourceTree = "<group>"; };
		580A09681E2F509500137D73 /* Base */ = {isa = PBXFileReference; lastKnownFileType = file.storyboard; name = Base; path = Base.lproj/Main.storyboard; sourceTree = "<group>"; };
		580A096A1E2F509500137D73 /* Assets.xcassets */ = {isa = PBXFileReference; lastKnownFileType = folder.assetcatalog; path = Assets.xcassets; sourceTree = "<group>"; };
		580A096D1E2F509500137D73 /* Base */ = {isa = PBXFileReference; lastKnownFileType = file.storyboard; name = Base; path = Base.lproj/LaunchScreen.storyboard; sourceTree = "<group>"; };
		580A096F1E2F509500137D73 /* Info.plist */ = {isa = PBXFileReference; lastKnownFileType = text.plist.xml; path = Info.plist; sourceTree = "<group>"; };
		580A09761E2F50D100137D73 /* ButtonViewDesign.swift */ = {isa = PBXFileReference; fileEncoding = 4; lastKnownFileType = sourcecode.swift; path = ButtonViewDesign.swift; sourceTree = "<group>"; };
		580A09781E2F5B9900137D73 /* CounterView.swift */ = {isa = PBXFileReference; fileEncoding = 4; lastKnownFileType = sourcecode.swift; path = CounterView.swift; sourceTree = "<group>"; };
		58B0FDAE1E2F7B5800DCC261 /* GraphView.swift */ = {isa = PBXFileReference; fileEncoding = 4; lastKnownFileType = sourcecode.swift; path = GraphView.swift; sourceTree = "<group>"; };
/* End PBXFileReference section */

/* Begin PBXFrameworksBuildPhase section */
		580A095D1E2F509500137D73 /* Frameworks */ = {
			isa = PBXFrameworksBuildPhase;
			buildActionMask = 2147483647;
			files = (
			);
			runOnlyForDeploymentPostprocessing = 0;
		};
/* End PBXFrameworksBuildPhase section */

/* Begin PBXGroup section */
		580A09571E2F509500137D73 = {
			isa = PBXGroup;
			children = (
				580A09621E2F509500137D73 /* CoreGraphicsDemo */,
				580A09611E2F509500137D73 /* Products */,
			);
			sourceTree = "<group>";
		};
		580A09611E2F509500137D73 /* Products */ = {
			isa = PBXGroup;
			children = (
				580A09601E2F509500137D73 /* CoreGraphicsDemo.app */,
			);
			name = Products;
			sourceTree = "<group>";
		};
		580A09621E2F509500137D73 /* CoreGraphicsDemo */ = {
			isa = PBXGroup;
			children = (
				580A09631E2F509500137D73 /* AppDelegate.swift */,
				580A09651E2F509500137D73 /* ViewController.swift */,
				580A09671E2F509500137D73 /* Main.storyboard */,
				580A097A1E2F5BA900137D73 /* View */,
				580A09751E2F50A200137D73 /* support */,
			);
			path = CoreGraphicsDemo;
			sourceTree = "<group>";
		};
		580A09751E2F50A200137D73 /* support */ = {
			isa = PBXGroup;
			children = (
				580A096A1E2F509500137D73 /* Assets.xcassets */,
				580A096C1E2F509500137D73 /* LaunchScreen.storyboard */,
				580A096F1E2F509500137D73 /* Info.plist */,
			);
			name = support;
			sourceTree = "<group>";
		};
		580A097A1E2F5BA900137D73 /* View */ = {
			isa = PBXGroup;
			children = (
				580A09761E2F50D100137D73 /* ButtonViewDesign.swift */,
				580A09781E2F5B9900137D73 /* CounterView.swift */,
				58B0FDAE1E2F7B5800DCC261 /* GraphView.swift */,
			);
			name = View;
			sourceTree = "<group>";
		};
/* End PBXGroup section */

/* Begin PBXNativeTarget section */
		580A095F1E2F509500137D73 /* CoreGraphicsDemo */ = {
			isa = PBXNativeTarget;
			buildConfigurationList = 580A09721E2F509500137D73 /* Build configuration list for PBXNativeTarget "CoreGraphicsDemo" */;
			buildPhases = (
				580A095C1E2F509500137D73 /* Sources */,
				580A095D1E2F509500137D73 /* Frameworks */,
				580A095E1E2F509500137D73 /* Resources */,
			);
			buildRules = (
			);
			dependencies = (
			);
			name = CoreGraphicsDemo;
			productName = CoreGraphicsDemo;
			productReference = 580A09601E2F509500137D73 /* CoreGraphicsDemo.app */;
			productType = "com.apple.product-type.application";
		};
/* End PBXNativeTarget section */

/* Begin PBXProject section */
		580A09581E2F509500137D73 /* Project object */ = {
			isa = PBXProject;
			attributes = {
				LastSwiftUpdateCheck = 0820;
				LastUpgradeCheck = 0820;
				ORGANIZATIONNAME = "王富生";
				TargetAttributes = {
					580A095F1E2F509500137D73 = {
						CreatedOnToolsVersion = 8.2.1;
						ProvisioningStyle = Automatic;
					};
				};
			};
			buildConfigurationList = 580A095B1E2F509500137D73 /* Build configuration list for PBXProject "CoreGraphicsDemo" */;
			compatibilityVersion = "Xcode 3.2";
			developmentRegion = English;
			hasScannedForEncodings = 0;
			knownRegions = (
				en,
				Base,
			);
			mainGroup = 580A09571E2F509500137D73;
			productRefGroup = 580A09611E2F509500137D73 /* Products */;
			projectDirPath = "";
			projectRoot = "";
			targets = (
				580A095F1E2F509500137D73 /* CoreGraphicsDemo */,
			);
		};
/* End PBXProject section */

/* Begin PBXResourcesBuildPhase section */
		580A095E1E2F509500137D73 /* Resources */ = {
			isa = PBXResourcesBuildPhase;
			buildActionMask = 2147483647;
			files = (
				580A096E1E2F509500137D73 /* LaunchScreen.storyboard in Resources */,
				580A096B1E2F509500137D73 /* Assets.xcassets in Resources */,
				580A09691E2F509500137D73 /* Main.storyboard in Resources */,
			);
			runOnlyForDeploymentPostprocessing = 0;
		};
/* End PBXResourcesBuildPhase section */

/* Begin PBXSourcesBuildPhase section */
		580A095C1E2F509500137D73 /* Sources */ = {
			isa = PBXSourcesBuildPhase;
			buildActionMask = 2147483647;
			files = (
				58B0FDAF1E2F7B5800DCC261 /* GraphView.swift in Sources */,
				580A09791E2F5B9900137D73 /* CounterView.swift in Sources */,
				580A09771E2F50D100137D73 /* ButtonViewDesign.swift in Sources */,
				580A09661E2F509500137D73 /* ViewController.swift in Sources */,
				580A09641E2F509500137D73 /* AppDelegate.swift in Sources */,
			);
			runOnlyForDeploymentPostprocessing = 0;
		};
/* End PBXSourcesBuildPhase section */

/* Begin PBXVariantGroup section */
		580A09671E2F509500137D73 /* Main.storyboard */ = {
			isa = PBXVariantGroup;
			children = (
				580A09681E2F509500137D73 /* Base */,
			);
			name = Main.storyboard;
			sourceTree = "<group>";
		};
		580A096C1E2F509500137D73 /* LaunchScreen.storyboard */ = {
			isa = PBXVariantGroup;
			children = (
				580A096D1E2F509500137D73 /* Base */,
			);
			name = LaunchScreen.storyboard;
			sourceTree = "<group>";
		};
/* End PBXVariantGroup section */

/* Begin XCBuildConfiguration section */
		580A09701E2F509500137D73 /* Debug */ = {
			isa = XCBuildConfiguration;
			buildSettings = {
				ALWAYS_SEARCH_USER_PATHS = NO;
				CLANG_ANALYZER_NONNULL = YES;
				CLANG_CXX_LANGUAGE_STANDARD = "gnu++0x";
				CLANG_CXX_LIBRARY = "libc++";
				CLANG_ENABLE_MODULES = YES;
				CLANG_ENABLE_OBJC_ARC = YES;
				CLANG_WARN_BOOL_CONVERSION = YES;
				CLANG_WARN_CONSTANT_CONVERSION = YES;
				CLANG_WARN_DIRECT_OBJC_ISA_USAGE = YES_ERROR;
				CLANG_WARN_DOCUMENTATION_COMMENTS = YES;
				CLANG_WARN_EMPTY_BODY = YES;
				CLANG_WARN_ENUM_CONVERSION = YES;
				CLANG_WARN_INFINITE_RECURSION = YES;
				CLANG_WARN_INT_CONVERSION = YES;
				CLANG_WARN_OBJC_ROOT_CLASS = YES_ERROR;
				CLANG_WARN_SUSPICIOUS_MOVE = YES;
				CLANG_WARN_UNREACHABLE_CODE = YES;
				CLANG_WARN__DUPLICATE_METHOD_MATCH = YES;
				"CODE_SIGN_IDENTITY[sdk=iphoneos*]" = "iPhone Developer";
				COPY_PHASE_STRIP = NO;
				DEBUG_INFORMATION_FORMAT = dwarf;
				ENABLE_STRICT_OBJC_MSGSEND = YES;
				ENABLE_TESTABILITY = YES;
				GCC_C_LANGUAGE_STANDARD = gnu99;
				GCC_DYNAMIC_NO_PIC = NO;
				GCC_NO_COMMON_BLOCKS = YES;
				GCC_OPTIMIZATION_LEVEL = 0;
				GCC_PREPROCESSOR_DEFINITIONS = (
					"DEBUG=1",
					"$(inherited)",
				);
				GCC_WARN_64_TO_32_BIT_CONVERSION = YES;
				GCC_WARN_ABOUT_RETURN_TYPE = YES_ERROR;
				GCC_WARN_UNDECLARED_SELECTOR = YES;
				GCC_WARN_UNINITIALIZED_AUTOS = YES_AGGRESSIVE;
				GCC_WARN_UNUSED_FUNCTION = YES;
				GCC_WARN_UNUSED_VARIABLE = YES;
				IPHONEOS_DEPLOYMENT_TARGET = 10.2;
				MTL_ENABLE_DEBUG_INFO = YES;
				ONLY_ACTIVE_ARCH = YES;
				SDKROOT = iphoneos;
				SWIFT_ACTIVE_COMPILATION_CONDITIONS = DEBUG;
				SWIFT_OPTIMIZATION_LEVEL = "-Onone";
			};
			name = Debug;
		};
		580A09711E2F509500137D73 /* Release */ = {
			isa = XCBuildConfiguration;
			buildSettings = {
				ALWAYS_SEARCH_USER_PATHS = NO;
				CLANG_ANALYZER_NONNULL = YES;
				CLANG_CXX_LANGUAGE_STANDARD = "gnu++0x";
				CLANG_CXX_LIBRARY = "libc++";
				CLANG_ENABLE_MODULES = YES;
				CLANG_ENABLE_OBJC_ARC = YES;
				CLANG_WARN_BOOL_CONVERSION = YES;
				CLANG_WARN_CONSTANT_CONVERSION = YES;
				CLANG_WARN_DIRECT_OBJC_ISA_USAGE = YES_ERROR;
				CLANG_WARN_DOCUMENTATION_COMMENTS = YES;
				CLANG_WARN_EMPTY_BODY = YES;
				CLANG_WARN_ENUM_CONVERSION = YES;
				CLANG_WARN_INFINITE_RECURSION = YES;
				CLANG_WARN_INT_CONVERSION = YES;
				CLANG_WARN_OBJC_ROOT_CLASS = YES_ERROR;
				CLANG_WARN_SUSPICIOUS_MOVE = YES;
				CLANG_WARN_UNREACHABLE_CODE = YES;
				CLANG_WARN__DUPLICATE_METHOD_MATCH = YES;
				"CODE_SIGN_IDENTITY[sdk=iphoneos*]" = "iPhone Developer";
				COPY_PHASE_STRIP = NO;
				DEBUG_INFORMATION_FORMAT = "dwarf-with-dsym";
				ENABLE_NS_ASSERTIONS = NO;
				ENABLE_STRICT_OBJC_MSGSEND = YES;
				GCC_C_LANGUAGE_STANDARD = gnu99;
				GCC_NO_COMMON_BLOCKS = YES;
				GCC_WARN_64_TO_32_BIT_CONVERSION = YES;
				GCC_WARN_ABOUT_RETURN_TYPE = YES_ERROR;
				GCC_WARN_UNDECLARED_SELECTOR = YES;
				GCC_WARN_UNINITIALIZED_AUTOS = YES_AGGRESSIVE;
				GCC_WARN_UNUSED_FUNCTION = YES;
				GCC_WARN_UNUSED_VARIABLE = YES;
				IPHONEOS_DEPLOYMENT_TARGET = 10.2;
				MTL_ENABLE_DEBUG_INFO = NO;
				SDKROOT = iphoneos;
				SWIFT_OPTIMIZATION_LEVEL = "-Owholemodule";
				VALIDATE_PRODUCT = YES;
			};
			name = Release;
		};
		580A09731E2F509500137D73 /* Debug */ = {
			isa = XCBuildConfiguration;
			buildSettings = {
				ASSETCATALOG_COMPILER_APPICON_NAME = AppIcon;
				INFOPLIST_FILE = CoreGraphicsDemo/Info.plist;
				LD_RUNPATH_SEARCH_PATHS = "$(inherited) @executable_path/Frameworks";
				PRODUCT_BUNDLE_IDENTIFIER = wang.CoreGraphicsDemo;
				PRODUCT_NAME = "$(TARGET_NAME)";
				SWIFT_VERSION = 3.0;
			};
			name = Debug;
		};
		580A09741E2F509500137D73 /* Release */ = {
			isa = XCBuildConfiguration;
			buildSettings = {
				ASSETCATALOG_COMPILER_APPICON_NAME = AppIcon;
				INFOPLIST_FILE = CoreGraphicsDemo/Info.plist;
				LD_RUNPATH_SEARCH_PATHS = "$(inherited) @executable_path/Frameworks";
				PRODUCT_BUNDLE_IDENTIFIER = wang.CoreGraphicsDemo;
				PRODUCT_NAME = "$(TARGET_NAME)";
				SWIFT_VERSION = 3.0;
			};
			name = Release;
		};
/* End XCBuildConfiguration section */

/* Begin XCConfigurationList section */
		580A095B1E2F509500137D73 /* Build configuration list for PBXProject "CoreGraphicsDemo" */ = {
			isa = XCConfigurationList;
			buildConfigurations = (
				580A09701E2F509500137D73 /* Debug */,
				580A09711E2F509500137D73 /* Release */,
			);
			defaultConfigurationIsVisible = 0;
			defaultConfigurationName = Release;
		};
		580A09721E2F509500137D73 /* Build configuration list for PBXNativeTarget "CoreGraphicsDemo" */ = {
			isa = XCConfigurationList;
			buildConfigurations = (
				580A09731E2F509500137D73 /* Debug */,
				580A09741E2F509500137D73 /* Release */,
			);
			defaultConfigurationIsVisible = 0;
			defaultConfigurationName = Release;
		};
/* End XCConfigurationList section */
	};
	rootObject = 580A09581E2F509500137D73 /* Project object */;
}
